
Microsoft Visual Studio Solution File, Format Version 12.00
# Visual Studio Version 17
VisualStudioVersion = 17.8.0.0
MinimumVisualStudioVersion = 17.8.0.0
Project("{9A19103F-16F7-4668-BE54-9A1E7A4F7556}") = "imas.AppHost", "imas-BE\imas.AppHost\imas.AppHost.csproj", "{63BEE733-D2AE-47AC-9A33-A7AA5111E655}"
EndProject
Project("{9A19103F-16F7-4668-BE54-9A1E7A4F7556}") = "imas.ServiceDefaults", "imas-BE\imas.ServiceDefaults\imas.ServiceDefaults.csproj", "{113A5E6C-1F4A-4FA1-8ACC-A51F7AF54065}"
EndProject
Project("{9A19103F-16F7-4668-BE54-9A1E7A4F7556}") = "imas.ApiService", "imas-BE\imas.ApiService\imas.ApiService.csproj", "{4BBEBB7E-DF8C-4633-A3CF-816223531FB6}"
EndProject
Project("{9A19103F-16F7-4668-BE54-9A1E7A4F7556}") = "imas.Web", "imas-FE\imas.Web\imas.Web.csproj", "{064CA4AA-D7E4-4808-A9BB-548878B14A88}"
EndProject
Project("{9A19103F-16F7-4668-BE54-9A1E7A4F7556}") = "imas.Shared", "imas-BE\imas.Shared\imas.Shared.csproj", "{F1A2B3C4-D5E6-F7A8-B9C0-D1E2F3A4B5C6}"
EndProject
Project("{9A19103F-16F7-4668-BE54-9A1E7A4F7556}") = "imas.HR.ApiService", "imas-BE\imas.HR.ApiService\imas.HR.ApiService.csproj", "{A1B2C3D4-E5F6-A7B8-C9D0-E1F2A3B4C5D6}"
EndProject
Project("{9A19103F-16F7-4668-BE54-9A1E7A4F7556}") = "imas.Assets.ApiService", "imas-BE\imas.Assets.ApiService\imas.Assets.ApiService.csproj", "{B2C3D4E5-F6A7-B8C9-D0E1-F2A3B4C5D6E7}"
EndProject
Project("{9A19103F-16F7-4668-BE54-9A1E7A4F7556}") = "imas.Finance.ApiService", "imas-BE\imas.Finance.ApiService\imas.Finance.ApiService.csproj", "{C3D4E5F6-A7B8-C9D0-E1F2-A3B4C5D6E7F8}"
EndProject
Project("{9A19103F-16F7-4668-BE54-9A1E7A4F7556}") = "imas.General.ApiService", "imas-BE\imas.General.ApiService\imas.General.ApiService.csproj", "{D4E5F6A7-B8C9-D0E1-F2A3-B4C5D6E7F8A9}"
EndProject
Project("{2150E333-8FDC-42A3-9474-1A3956D46DE8}") = "imas-FE", "imas-FE", "{AA3B1A1C-13C9-8CBD-A073-622C20BB8956}"
EndProject
Global
	GlobalSection(SolutionConfigurationPlatforms) = preSolution
		Debug|Any CPU = Debug|Any CPU
		Debug|x64 = Debug|x64
		Debug|x86 = Debug|x86
		Release|Any CPU = Release|Any CPU
		Release|x64 = Release|x64
		Release|x86 = Release|x86
	EndGlobalSection
	GlobalSection(ProjectConfigurationPlatforms) = postSolution
		{63BEE733-D2AE-47AC-9A33-A7AA5111E655}.Debug|Any CPU.ActiveCfg = Debug|Any CPU
		{63BEE733-D2AE-47AC-9A33-A7AA5111E655}.Debug|Any CPU.Build.0 = Debug|Any CPU
		{63BEE733-D2AE-47AC-9A33-A7AA5111E655}.Debug|x64.ActiveCfg = Debug|Any CPU
		{63BEE733-D2AE-47AC-9A33-A7AA5111E655}.Debug|x64.Build.0 = Debug|Any CPU
		{63BEE733-D2AE-47AC-9A33-A7AA5111E655}.Debug|x86.ActiveCfg = Debug|Any CPU
		{63BEE733-D2AE-47AC-9A33-A7AA5111E655}.Debug|x86.Build.0 = Debug|Any CPU
		{63BEE733-D2AE-47AC-9A33-A7AA5111E655}.Release|Any CPU.ActiveCfg = Release|Any CPU
		{63BEE733-D2AE-47AC-9A33-A7AA5111E655}.Release|Any CPU.Build.0 = Release|Any CPU
		{63BEE733-D2AE-47AC-9A33-A7AA5111E655}.Release|x64.ActiveCfg = Release|Any CPU
		{63BEE733-D2AE-47AC-9A33-A7AA5111E655}.Release|x64.Build.0 = Release|Any CPU
		{63BEE733-D2AE-47AC-9A33-A7AA5111E655}.Release|x86.ActiveCfg = Release|Any CPU
		{63BEE733-D2AE-47AC-9A33-A7AA5111E655}.Release|x86.Build.0 = Release|Any CPU
		{113A5E6C-1F4A-4FA1-8ACC-A51F7AF54065}.Debug|Any CPU.ActiveCfg = Debug|Any CPU
		{113A5E6C-1F4A-4FA1-8ACC-A51F7AF54065}.Debug|Any CPU.Build.0 = Debug|Any CPU
		{113A5E6C-1F4A-4FA1-8ACC-A51F7AF54065}.Debug|x64.ActiveCfg = Debug|Any CPU
		{113A5E6C-1F4A-4FA1-8ACC-A51F7AF54065}.Debug|x64.Build.0 = Debug|Any CPU
		{113A5E6C-1F4A-4FA1-8ACC-A51F7AF54065}.Debug|x86.ActiveCfg = Debug|Any CPU
		{113A5E6C-1F4A-4FA1-8ACC-A51F7AF54065}.Debug|x86.Build.0 = Debug|Any CPU
		{113A5E6C-1F4A-4FA1-8ACC-A51F7AF54065}.Release|Any CPU.ActiveCfg = Release|Any CPU
		{113A5E6C-1F4A-4FA1-8ACC-A51F7AF54065}.Release|Any CPU.Build.0 = Release|Any CPU
		{113A5E6C-1F4A-4FA1-8ACC-A51F7AF54065}.Release|x64.ActiveCfg = Release|Any CPU
		{113A5E6C-1F4A-4FA1-8ACC-A51F7AF54065}.Release|x64.Build.0 = Release|Any CPU
		{113A5E6C-1F4A-4FA1-8ACC-A51F7AF54065}.Release|x86.ActiveCfg = Release|Any CPU
		{113A5E6C-1F4A-4FA1-8ACC-A51F7AF54065}.Release|x86.Build.0 = Release|Any CPU
		{4BBEBB7E-DF8C-4633-A3CF-816223531FB6}.Debug|Any CPU.ActiveCfg = Debug|Any CPU
		{4BBEBB7E-DF8C-4633-A3CF-816223531FB6}.Debug|Any CPU.Build.0 = Debug|Any CPU
		{4BBEBB7E-DF8C-4633-A3CF-816223531FB6}.Debug|x64.ActiveCfg = Debug|Any CPU
		{4BBEBB7E-DF8C-4633-A3CF-816223531FB6}.Debug|x64.Build.0 = Debug|Any CPU
		{4BBEBB7E-DF8C-4633-A3CF-816223531FB6}.Debug|x86.ActiveCfg = Debug|Any CPU
		{4BBEBB7E-DF8C-4633-A3CF-816223531FB6}.Debug|x86.Build.0 = Debug|Any CPU
		{4BBEBB7E-DF8C-4633-A3CF-816223531FB6}.Release|Any CPU.ActiveCfg = Release|Any CPU
		{4BBEBB7E-DF8C-4633-A3CF-816223531FB6}.Release|Any CPU.Build.0 = Release|Any CPU
		{4BBEBB7E-DF8C-4633-A3CF-816223531FB6}.Release|x64.ActiveCfg = Release|Any CPU
		{4BBEBB7E-DF8C-4633-A3CF-816223531FB6}.Release|x64.Build.0 = Release|Any CPU
		{4BBEBB7E-DF8C-4633-A3CF-816223531FB6}.Release|x86.ActiveCfg = Release|Any CPU
		{4BBEBB7E-DF8C-4633-A3CF-816223531FB6}.Release|x86.Build.0 = Release|Any CPU
		{064CA4AA-D7E4-4808-A9BB-548878B14A88}.Debug|Any CPU.ActiveCfg = Debug|Any CPU
		{064CA4AA-D7E4-4808-A9BB-548878B14A88}.Debug|Any CPU.Build.0 = Debug|Any CPU
		{064CA4AA-D7E4-4808-A9BB-548878B14A88}.Debug|x64.ActiveCfg = Debug|Any CPU
		{064CA4AA-D7E4-4808-A9BB-548878B14A88}.Debug|x64.Build.0 = Debug|Any CPU
		{064CA4AA-D7E4-4808-A9BB-548878B14A88}.Debug|x86.ActiveCfg = Debug|Any CPU
		{064CA4AA-D7E4-4808-A9BB-548878B14A88}.Debug|x86.Build.0 = Debug|Any CPU
		{064CA4AA-D7E4-4808-A9BB-548878B14A88}.Release|Any CPU.ActiveCfg = Release|Any CPU
		{064CA4AA-D7E4-4808-A9BB-548878B14A88}.Release|Any CPU.Build.0 = Release|Any CPU
		{064CA4AA-D7E4-4808-A9BB-548878B14A88}.Release|x64.ActiveCfg = Release|Any CPU
		{064CA4AA-D7E4-4808-A9BB-548878B14A88}.Release|x64.Build.0 = Release|Any CPU
		{064CA4AA-D7E4-4808-A9BB-548878B14A88}.Release|x86.ActiveCfg = Release|Any CPU
		{064CA4AA-D7E4-4808-A9BB-548878B14A88}.Release|x86.Build.0 = Release|Any CPU
		{F1A2B3C4-D5E6-F7A8-B9C0-D1E2F3A4B5C6}.Debug|Any CPU.ActiveCfg = Debug|Any CPU
		{F1A2B3C4-D5E6-F7A8-B9C0-D1E2F3A4B5C6}.Debug|Any CPU.Build.0 = Debug|Any CPU
		{F1A2B3C4-D5E6-F7A8-B9C0-D1E2F3A4B5C6}.Debug|x64.ActiveCfg = Debug|Any CPU
		{F1A2B3C4-D5E6-F7A8-B9C0-D1E2F3A4B5C6}.Debug|x64.Build.0 = Debug|Any CPU
		{F1A2B3C4-D5E6-F7A8-B9C0-D1E2F3A4B5C6}.Debug|x86.ActiveCfg = Debug|Any CPU
		{F1A2B3C4-D5E6-F7A8-B9C0-D1E2F3A4B5C6}.Debug|x86.Build.0 = Debug|Any CPU
		{F1A2B3C4-D5E6-F7A8-B9C0-D1E2F3A4B5C6}.Release|Any CPU.ActiveCfg = Release|Any CPU
		{F1A2B3C4-D5E6-F7A8-B9C0-D1E2F3A4B5C6}.Release|Any CPU.Build.0 = Release|Any CPU
		{F1A2B3C4-D5E6-F7A8-B9C0-D1E2F3A4B5C6}.Release|x64.ActiveCfg = Release|Any CPU
		{F1A2B3C4-D5E6-F7A8-B9C0-D1E2F3A4B5C6}.Release|x64.Build.0 = Release|Any CPU
		{F1A2B3C4-D5E6-F7A8-B9C0-D1E2F3A4B5C6}.Release|x86.ActiveCfg = Release|Any CPU
		{F1A2B3C4-D5E6-F7A8-B9C0-D1E2F3A4B5C6}.Release|x86.Build.0 = Release|Any CPU
		{A1B2C3D4-E5F6-A7B8-C9D0-E1F2A3B4C5D6}.Debug|Any CPU.ActiveCfg = Debug|Any CPU
		{A1B2C3D4-E5F6-A7B8-C9D0-E1F2A3B4C5D6}.Debug|Any CPU.Build.0 = Debug|Any CPU
		{A1B2C3D4-E5F6-A7B8-C9D0-E1F2A3B4C5D6}.Debug|x64.ActiveCfg = Debug|Any CPU
		{A1B2C3D4-E5F6-A7B8-C9D0-E1F2A3B4C5D6}.Debug|x64.Build.0 = Debug|Any CPU
		{A1B2C3D4-E5F6-A7B8-C9D0-E1F2A3B4C5D6}.Debug|x86.ActiveCfg = Debug|Any CPU
		{A1B2C3D4-E5F6-A7B8-C9D0-E1F2A3B4C5D6}.Debug|x86.Build.0 = Debug|Any CPU
		{A1B2C3D4-E5F6-A7B8-C9D0-E1F2A3B4C5D6}.Release|Any CPU.ActiveCfg = Release|Any CPU
		{A1B2C3D4-E5F6-A7B8-C9D0-E1F2A3B4C5D6}.Release|Any CPU.Build.0 = Release|Any CPU
		{A1B2C3D4-E5F6-A7B8-C9D0-E1F2A3B4C5D6}.Release|x64.ActiveCfg = Release|Any CPU
		{A1B2C3D4-E5F6-A7B8-C9D0-E1F2A3B4C5D6}.Release|x64.Build.0 = Release|Any CPU
		{A1B2C3D4-E5F6-A7B8-C9D0-E1F2A3B4C5D6}.Release|x86.ActiveCfg = Release|Any CPU
		{A1B2C3D4-E5F6-A7B8-C9D0-E1F2A3B4C5D6}.Release|x86.Build.0 = Release|Any CPU
		{B2C3D4E5-F6A7-B8C9-D0E1-F2A3B4C5D6E7}.Debug|Any CPU.ActiveCfg = Debug|Any CPU
		{B2C3D4E5-F6A7-B8C9-D0E1-F2A3B4C5D6E7}.Debug|Any CPU.Build.0 = Debug|Any CPU
		{B2C3D4E5-F6A7-B8C9-D0E1-F2A3B4C5D6E7}.Debug|x64.ActiveCfg = Debug|Any CPU
		{B2C3D4E5-F6A7-B8C9-D0E1-F2A3B4C5D6E7}.Debug|x64.Build.0 = Debug|Any CPU
		{B2C3D4E5-F6A7-B8C9-D0E1-F2A3B4C5D6E7}.Debug|x86.ActiveCfg = Debug|Any CPU
		{B2C3D4E5-F6A7-B8C9-D0E1-F2A3B4C5D6E7}.Debug|x86.Build.0 = Debug|Any CPU
		{B2C3D4E5-F6A7-B8C9-D0E1-F2A3B4C5D6E7}.Release|Any CPU.ActiveCfg = Release|Any CPU
		{B2C3D4E5-F6A7-B8C9-D0E1-F2A3B4C5D6E7}.Release|Any CPU.Build.0 = Release|Any CPU
		{B2C3D4E5-F6A7-B8C9-D0E1-F2A3B4C5D6E7}.Release|x64.ActiveCfg = Release|Any CPU
		{B2C3D4E5-F6A7-B8C9-D0E1-F2A3B4C5D6E7}.Release|x64.Build.0 = Release|Any CPU
		{B2C3D4E5-F6A7-B8C9-D0E1-F2A3B4C5D6E7}.Release|x86.ActiveCfg = Release|Any CPU
		{B2C3D4E5-F6A7-B8C9-D0E1-F2A3B4C5D6E7}.Release|x86.Build.0 = Release|Any CPU
		{C3D4E5F6-A7B8-C9D0-E1F2-A3B4C5D6E7F8}.Debug|Any CPU.ActiveCfg = Debug|Any CPU
		{C3D4E5F6-A7B8-C9D0-E1F2-A3B4C5D6E7F8}.Debug|Any CPU.Build.0 = Debug|Any CPU
		{C3D4E5F6-A7B8-C9D0-E1F2-A3B4C5D6E7F8}.Debug|x64.ActiveCfg = Debug|Any CPU
		{C3D4E5F6-A7B8-C9D0-E1F2-A3B4C5D6E7F8}.Debug|x64.Build.0 = Debug|Any CPU
		{C3D4E5F6-A7B8-C9D0-E1F2-A3B4C5D6E7F8}.Debug|x86.ActiveCfg = Debug|Any CPU
		{C3D4E5F6-A7B8-C9D0-E1F2-A3B4C5D6E7F8}.Debug|x86.Build.0 = Debug|Any CPU
		{C3D4E5F6-A7B8-C9D0-E1F2-A3B4C5D6E7F8}.Release|Any CPU.ActiveCfg = Release|Any CPU
		{C3D4E5F6-A7B8-C9D0-E1F2-A3B4C5D6E7F8}.Release|Any CPU.Build.0 = Release|Any CPU
		{C3D4E5F6-A7B8-C9D0-E1F2-A3B4C5D6E7F8}.Release|x64.ActiveCfg = Release|Any CPU
		{C3D4E5F6-A7B8-C9D0-E1F2-A3B4C5D6E7F8}.Release|x64.Build.0 = Release|Any CPU
		{C3D4E5F6-A7B8-C9D0-E1F2-A3B4C5D6E7F8}.Release|x86.ActiveCfg = Release|Any CPU
		{C3D4E5F6-A7B8-C9D0-E1F2-A3B4C5D6E7F8}.Release|x86.Build.0 = Release|Any CPU
		{D4E5F6A7-B8C9-D0E1-F2A3-B4C5D6E7F8A9}.Debug|Any CPU.ActiveCfg = Debug|Any CPU
		{D4E5F6A7-B8C9-D0E1-F2A3-B4C5D6E7F8A9}.Debug|Any CPU.Build.0 = Debug|Any CPU
		{D4E5F6A7-B8C9-D0E1-F2A3-B4C5D6E7F8A9}.Debug|x64.ActiveCfg = Debug|Any CPU
		{D4E5F6A7-B8C9-D0E1-F2A3-B4C5D6E7F8A9}.Debug|x64.Build.0 = Debug|Any CPU
		{D4E5F6A7-B8C9-D0E1-F2A3-B4C5D6E7F8A9}.Debug|x86.ActiveCfg = Debug|Any CPU
		{D4E5F6A7-B8C9-D0E1-F2A3-B4C5D6E7F8A9}.Debug|x86.Build.0 = Debug|Any CPU
		{D4E5F6A7-B8C9-D0E1-F2A3-B4C5D6E7F8A9}.Release|Any CPU.ActiveCfg = Release|Any CPU
		{D4E5F6A7-B8C9-D0E1-F2A3-B4C5D6E7F8A9}.Release|Any CPU.Build.0 = Release|Any CPU
		{D4E5F6A7-B8C9-D0E1-F2A3-B4C5D6E7F8A9}.Release|x64.ActiveCfg = Release|Any CPU
		{D4E5F6A7-B8C9-D0E1-F2A3-B4C5D6E7F8A9}.Release|x64.Build.0 = Release|Any CPU
		{D4E5F6A7-B8C9-D0E1-F2A3-B4C5D6E7F8A9}.Release|x86.ActiveCfg = Release|Any CPU
		{D4E5F6A7-B8C9-D0E1-F2A3-B4C5D6E7F8A9}.Release|x86.Build.0 = Release|Any CPU
		{7C3E2DFD-A645-49B8-92DB-49C2A7818B42}.Debug|Any CPU.ActiveCfg = Debug|Any CPU
		{7C3E2DFD-A645-49B8-92DB-49C2A7818B42}.Debug|Any CPU.Build.0 = Debug|Any CPU
		{7C3E2DFD-A645-49B8-92DB-49C2A7818B42}.Debug|x64.ActiveCfg = Debug|Any CPU
		{7C3E2DFD-A645-49B8-92DB-49C2A7818B42}.Debug|x64.Build.0 = Debug|Any CPU
		{7C3E2DFD-A645-49B8-92DB-49C2A7818B42}.Debug|x86.ActiveCfg = Debug|Any CPU
		{7C3E2DFD-A645-49B8-92DB-49C2A7818B42}.Debug|x86.Build.0 = Debug|Any CPU
		{7C3E2DFD-A645-49B8-92DB-49C2A7818B42}.Release|Any CPU.ActiveCfg = Release|Any CPU
		{7C3E2DFD-A645-49B8-92DB-49C2A7818B42}.Release|Any CPU.Build.0 = Release|Any CPU
		{7C3E2DFD-A645-49B8-92DB-49C2A7818B42}.Release|x64.ActiveCfg = Release|Any CPU
		{7C3E2DFD-A645-49B8-92DB-49C2A7818B42}.Release|x64.Build.0 = Release|Any CPU
		{7C3E2DFD-A645-49B8-92DB-49C2A7818B42}.Release|x86.ActiveCfg = Release|Any CPU
		{7C3E2DFD-A645-49B8-92DB-49C2A7818B42}.Release|x86.Build.0 = Release|Any CPU
	EndGlobalSection
	GlobalSection(SolutionProperties) = preSolution
		HideSolutionNode = FALSE
	EndGlobalSection
	GlobalSection(NestedProjects) = preSolution
		{7C3E2DFD-A645-49B8-92DB-49C2A7818B42} = {AA3B1A1C-13C9-8CBD-A073-622C20BB8956}
	EndGlobalSection
	GlobalSection(ExtensibilityGlobals) = postSolution
		SolutionGuid = {F623F886-656F-4724-A233-2486EE6CFF2A}
	EndGlobalSection
EndGlobal
